
Microsoft Visual Studio Solution File, Format Version 12.00
# Visual Studio Version 17
VisualStudioVersion = 17.9.34728.123
MinimumVisualStudioVersion = 10.0.40219.1
Project("{FAE04EC0-301F-11D3-BF4B-00C04F79EFBC}") = "POS System", "POS System\POS System.csproj", "{810DD081-ACC1-429D-869B-650312B13DC2}"
EndProject
Global
	GlobalSection(SolutionConfigurationPlatforms) = preSolution
		Debug|Any CPU = Debug|Any CPU
		Release|Any CPU = Release|Any CPU
	EndGlobalSection
	GlobalSection(ProjectConfigurationPlatforms) = postSolution
		{810DD081-ACC1-429D-869B-650312B13DC2}.Debug|Any CPU.ActiveCfg = Debug|Any CPU
		{810DD081-ACC1-429D-869B-650312B13DC2}.Debug|Any CPU.Build.0 = Debug|Any CPU
		{810DD081-ACC1-429D-869B-650312B13DC2}.Release|Any CPU.ActiveCfg = Release|Any CPU
		{810DD081-ACC1-429D-869B-650312B13DC2}.Release|Any CPU.Build.0 = Release|Any CPU
	EndGlobalSection
	GlobalSection(SolutionProperties) = preSolution
		HideSolutionNode = FALSE
	EndGlobalSection
	GlobalSection(ExtensibilityGlobals) = postSolution
		SolutionGuid = {8500AE20-CD7C-4F7A-87D8-35359EC4C840}
	EndGlobalSection
EndGlobal
